{
    "version": "0.5",
    "requires": [
        "zlib/1.2.13#4e74ebf1361fe6fb60326f473f276eb5%1705999194.457",
        "openssl/3.2.2#899583c694f9deccec74dbe0bbc65a15%1717540517.968",
        "libcurl/7.85.0#d671ff2c55730f4b068bb66853c35bfc%1717082897.939"
    ],
    "build_requires": [
        "zlib/1.3.1#f52e03ae3d251dec704634230cd806a2%1708593606.497",
        "pkgconf/2.1.0#27f44583701117b571307cf5b5fe5605%1701537936.436",
        "ninja/1.11.1#77587f8c8318662ac8e5a7867eb4be21%1684431244.21",
        "meson/1.2.2#04bdfb85d665c82b08a3510aee3ffd19%1702568761.764",
        "m4/1.4.19#b38ced39a01e31fef5435bc634461fd2%1700758725.451",
        "libxslt/1.1.34#46843838a3bd81997cd66a2dcd320ed6%1713421149.634",
        "libxml2/2.11.6#41c14895baba105865cb22ecaf948115%1703682489.517",
        "libtool/2.4.7#08316dad5c72c541ed21e039e4cf217b%1702300906.107",
        "libiconv/1.17#73fefc1b696e069df90fd1d18aa63edd%1707122814.387",
        "gnu-config/cci.20210814#dc430d754f465e8c74463019672fb97b%1701248168.479",
        "automake/1.16.5#058bda3e21c36c9aa8425daf3c1faf50%1688481772.751",
        "autoconf/2.71#f9307992909d7fb3df459340f1932809%1711983104.648"
    ],
    "python_requires": [],
    "config_requires": []
}